
Microsoft Visual Studio Solution File, Format Version 12.00
# Visual Studio Version 16
VisualStudioVersion = 16.0.31410.357
MinimumVisualStudioVersion = 10.0.40219.1
Project("{8BC9CEB8-8B4A-11D0-8D11-00A0C91BC942}") = "ConsoleApplication1", "ConsoleApplication1.vcxproj", "{B95F57B0-0877-4880-98D8-84BA24D2A6BF}"
EndProject
Global
	GlobalSection(SolutionConfigurationPlatforms) = preSolution
		Debug|x64 = Debug|x64
		Debug|x86 = Debug|x86
		Release|x64 = Release|x64
		Release|x86 = Release|x86
	EndGlobalSection
	GlobalSection(ProjectConfigurationPlatforms) = postSolution
		{B95F57B0-0877-4880-98D8-84BA24D2A6BF}.Debug|x64.ActiveCfg = Debug|x64
		{B95F57B0-0877-4880-98D8-84BA24D2A6BF}.Debug|x64.Build.0 = Debug|x64
		{B95F57B0-0877-4880-98D8-84BA24D2A6BF}.Debug|x86.ActiveCfg = Debug|Win32
		{B95F57B0-0877-4880-98D8-84BA24D2A6BF}.Debug|x86.Build.0 = Debug|Win32
		{B95F57B0-0877-4880-98D8-84BA24D2A6BF}.Release|x64.ActiveCfg = Release|x64
		{B95F57B0-0877-4880-98D8-84BA24D2A6BF}.Release|x64.Build.0 = Release|x64
		{B95F57B0-0877-4880-98D8-84BA24D2A6BF}.Release|x86.ActiveCfg = Release|Win32
		{B95F57B0-0877-4880-98D8-84BA24D2A6BF}.Release|x86.Build.0 = Release|Win32
	EndGlobalSection
	GlobalSection(SolutionProperties) = preSolution
		HideSolutionNode = FALSE
	EndGlobalSection
	GlobalSection(ExtensibilityGlobals) = postSolution
		SolutionGuid = {FE687913-0582-4A5C-94CC-4534DFBB36E9}
	EndGlobalSection
EndGlobal
